// !$*UTF8*$!
{
	archiveVersion = 1;
	classes = {
	};
	objectVersion = 50;
	objects = {

/* Begin PBXBuildFile section */
		E838E258254F571300D1DEFD /* ProfileViewController.swift in Sources */ = {isa = PBXBuildFile; fileRef = E838E257254F571300D1DEFD /* ProfileViewController.swift */; };
		E85819C5254EFA500016BF96 /* AppDelegate.swift in Sources */ = {isa = PBXBuildFile; fileRef = E85819C4254EFA500016BF96 /* AppDelegate.swift */; };
		E85819C7254EFA500016BF96 /* SceneDelegate.swift in Sources */ = {isa = PBXBuildFile; fileRef = E85819C6254EFA500016BF96 /* SceneDelegate.swift */; };
		E85819CC254EFA500016BF96 /* Main.storyboard in Resources */ = {isa = PBXBuildFile; fileRef = E85819CA254EFA500016BF96 /* Main.storyboard */; };
		E85819CE254EFA510016BF96 /* Assets.xcassets in Resources */ = {isa = PBXBuildFile; fileRef = E85819CD254EFA510016BF96 /* Assets.xcassets */; };
		E85819D1254EFA510016BF96 /* LaunchScreen.storyboard in Resources */ = {isa = PBXBuildFile; fileRef = E85819CF254EFA510016BF96 /* LaunchScreen.storyboard */; };
		E8AAC14E255003CE008F735B /* HeaderCollectionReusableView.swift in Sources */ = {isa = PBXBuildFile; fileRef = E8AAC14D255003CE008F735B /* HeaderCollectionReusableView.swift */; };
		E8AAC15225503282008F735B /* PictureViewController.swift in Sources */ = {isa = PBXBuildFile; fileRef = E8AAC15125503282008F735B /* PictureViewController.swift */; };
/* End PBXBuildFile section */

/* Begin PBXFileReference section */
		E838E257254F571300D1DEFD /* ProfileViewController.swift */ = {isa = PBXFileReference; lastKnownFileType = sourcecode.swift; path = ProfileViewController.swift; sourceTree = "<group>"; };
		E85819C1254EFA500016BF96 /* Scrolling inst.app */ = {isa = PBXFileReference; explicitFileType = wrapper.application; includeInIndex = 0; path = "Scrolling inst.app"; sourceTree = BUILT_PRODUCTS_DIR; };
		E85819C4254EFA500016BF96 /* AppDelegate.swift */ = {isa = PBXFileReference; lastKnownFileType = sourcecode.swift; path = AppDelegate.swift; sourceTree = "<group>"; };
		E85819C6254EFA500016BF96 /* SceneDelegate.swift */ = {isa = PBXFileReference; lastKnownFileType = sourcecode.swift; path = SceneDelegate.swift; sourceTree = "<group>"; };
		E85819CB254EFA500016BF96 /* Base */ = {isa = PBXFileReference; lastKnownFileType = file.storyboard; name = Base; path = Base.lproj/Main.storyboard; sourceTree = "<group>"; };
		E85819CD254EFA510016BF96 /* Assets.xcassets */ = {isa = PBXFileReference; lastKnownFileType = folder.assetcatalog; path = Assets.xcassets; sourceTree = "<group>"; };
		E85819D0254EFA510016BF96 /* Base */ = {isa = PBXFileReference; lastKnownFileType = file.storyboard; name = Base; path = Base.lproj/LaunchScreen.storyboard; sourceTree = "<group>"; };
		E85819D2254EFA510016BF96 /* Info.plist */ = {isa = PBXFileReference; lastKnownFileType = text.plist.xml; path = Info.plist; sourceTree = "<group>"; };
		E8AAC14D255003CE008F735B /* HeaderCollectionReusableView.swift */ = {isa = PBXFileReference; lastKnownFileType = sourcecode.swift; path = HeaderCollectionReusableView.swift; sourceTree = "<group>"; };
		E8AAC15125503282008F735B /* PictureViewController.swift */ = {isa = PBXFileReference; lastKnownFileType = sourcecode.swift; path = PictureViewController.swift; sourceTree = "<group>"; };
/* End PBXFileReference section */

/* Begin PBXFrameworksBuildPhase section */
		E85819BE254EFA500016BF96 /* Frameworks */ = {
			isa = PBXFrameworksBuildPhase;
			buildActionMask = 2147483647;
			files = (
			);
			runOnlyForDeploymentPostprocessing = 0;
		};
/* End PBXFrameworksBuildPhase section */

/* Begin PBXGroup section */
		E85819B8254EFA500016BF96 = {
			isa = PBXGroup;
			children = (
				E85819C3254EFA500016BF96 /* Scrolling inst */,
				E85819C2254EFA500016BF96 /* Products */,
			);
			sourceTree = "<group>";
		};
		E85819C2254EFA500016BF96 /* Products */ = {
			isa = PBXGroup;
			children = (
				E85819C1254EFA500016BF96 /* Scrolling inst.app */,
			);
			name = Products;
			sourceTree = "<group>";
		};
		E85819C3254EFA500016BF96 /* Scrolling inst */ = {
			isa = PBXGroup;
			children = (
				E85819C4254EFA500016BF96 /* AppDelegate.swift */,
				E85819C6254EFA500016BF96 /* SceneDelegate.swift */,
				E85819CA254EFA500016BF96 /* Main.storyboard */,
				E8AAC15125503282008F735B /* PictureViewController.swift */,
				E8AAC14D255003CE008F735B /* HeaderCollectionReusableView.swift */,
				E838E257254F571300D1DEFD /* ProfileViewController.swift */,
				E85819CD254EFA510016BF96 /* Assets.xcassets */,
				E85819CF254EFA510016BF96 /* LaunchScreen.storyboard */,
				E85819D2254EFA510016BF96 /* Info.plist */,
			);
			path = "Scrolling inst";
			sourceTree = "<group>";
		};
/* End PBXGroup section */

/* Begin PBXNativeTarget section */
		E85819C0254EFA500016BF96 /* Scrolling inst */ = {
			isa = PBXNativeTarget;
			buildConfigurationList = E85819D5254EFA510016BF96 /* Build configuration list for PBXNativeTarget "Scrolling inst" */;
			buildPhases = (
				E85819BD254EFA500016BF96 /* Sources */,
				E85819BE254EFA500016BF96 /* Frameworks */,
				E85819BF254EFA500016BF96 /* Resources */,
			);
			buildRules = (
			);
			dependencies = (
			);
			name = "Scrolling inst";
			productName = "Scrolling inst";
			productReference = E85819C1254EFA500016BF96 /* Scrolling inst.app */;
			productType = "com.apple.product-type.application";
		};
/* End PBXNativeTarget section */

/* Begin PBXProject section */
		E85819B9254EFA500016BF96 /* Project object */ = {
			isa = PBXProject;
			attributes = {
				LastSwiftUpdateCheck = 1150;
				LastUpgradeCheck = 1150;
				ORGANIZATIONNAME = Pasandep;
				TargetAttributes = {
					E85819C0254EFA500016BF96 = {
						CreatedOnToolsVersion = 11.5;
					};
				};
			};
			buildConfigurationList = E85819BC254EFA500016BF96 /* Build configuration list for PBXProject "Scrolling inst" */;
			compatibilityVersion = "Xcode 9.3";
			developmentRegion = en;
			hasScannedForEncodings = 0;
			knownRegions = (
				en,
				Base,
			);
			mainGroup = E85819B8254EFA500016BF96;
			productRefGroup = E85819C2254EFA500016BF96 /* Products */;
			projectDirPath = "";
			projectRoot = "";
			targets = (
				E85819C0254EFA500016BF96 /* Scrolling inst */,
			);
		};
/* End PBXProject section */

/* Begin PBXResourcesBuildPhase section */
		E85819BF254EFA500016BF96 /* Resources */ = {
			isa = PBXResourcesBuildPhase;
			buildActionMask = 2147483647;
			files = (
				E85819D1254EFA510016BF96 /* LaunchScreen.storyboard in Resources */,
				E85819CE254EFA510016BF96 /* Assets.xcassets in Resources */,
				E85819CC254EFA500016BF96 /* Main.storyboard in Resources */,
			);
			runOnlyForDeploymentPostprocessing = 0;
		};
/* End PBXResourcesBuildPhase section */

/* Begin PBXSourcesBuildPhase section */
		E85819BD254EFA500016BF96 /* Sources */ = {
			isa = PBXSourcesBuildPhase;
			buildActionMask = 2147483647;
			files = (
				E85819C5254EFA500016BF96 /* AppDelegate.swift in Sources */,
				E838E258254F571300D1DEFD /* ProfileViewController.swift in Sources */,
				E8AAC14E255003CE008F735B /* HeaderCollectionReusableView.swift in Sources */,
				E85819C7254EFA500016BF96 /* SceneDelegate.swift in Sources */,
				E8AAC15225503282008F735B /* PictureViewController.swift in Sources */,
			);
			runOnlyForDeploymentPostprocessing = 0;
		};
/* End PBXSourcesBuildPhase section */

/* Begin PBXVariantGroup section */
		E85819CA254EFA500016BF96 /* Main.storyboard */ = {
			isa = PBXVariantGroup;
			children = (
				E85819CB254EFA500016BF96 /* Base */,
			);
			name = Main.storyboard;
			sourceTree = "<group>";
		};
		E85819CF254EFA510016BF96 /* LaunchScreen.storyboard */ = {
			isa = PBXVariantGroup;
			children = (
				E85819D0254EFA510016BF96 /* Base */,
			);
			name = LaunchScreen.storyboard;
			sourceTree = "<group>";
		};
/* End PBXVariantGroup section */

/* Begin XCBuildConfiguration section */
		E85819D3254EFA510016BF96 /* Debug */ = {
			isa = XCBuildConfiguration;
			buildSettings = {
				ALWAYS_SEARCH_USER_PATHS = NO;
				CLANG_ANALYZER_NONNULL = YES;
				CLANG_ANALYZER_NUMBER_OBJECT_CONVERSION = YES_AGGRESSIVE;
				CLANG_CXX_LANGUAGE_STANDARD = "gnu++14";
				CLANG_CXX_LIBRARY = "libc++";
				CLANG_ENABLE_MODULES = YES;
				CLANG_ENABLE_OBJC_ARC = YES;
				CLANG_ENABLE_OBJC_WEAK = YES;
				CLANG_WARN_BLOCK_CAPTURE_AUTORELEASING = YES;
				CLANG_WARN_BOOL_CONVERSION = YES;
				CLANG_WARN_COMMA = YES;
				CLANG_WARN_CONSTANT_CONVERSION = YES;
				CLANG_WARN_DEPRECATED_OBJC_IMPLEMENTATIONS = YES;
				CLANG_WARN_DIRECT_OBJC_ISA_USAGE = YES_ERROR;
				CLANG_WARN_DOCUMENTATION_COMMENTS = YES;
				CLANG_WARN_EMPTY_BODY = YES;
				CLANG_WARN_ENUM_CONVERSION = YES;
				CLANG_WARN_INFINITE_RECURSION = YES;
				CLANG_WARN_INT_CONVERSION = YES;
				CLANG_WARN_NON_LITERAL_NULL_CONVERSION = YES;
				CLANG_WARN_OBJC_IMPLICIT_RETAIN_SELF = YES;
				CLANG_WARN_OBJC_LITERAL_CONVERSION = YES;
				CLANG_WARN_OBJC_ROOT_CLASS = YES_ERROR;
				CLANG_WARN_RANGE_LOOP_ANALYSIS = YES;
				CLANG_WARN_STRICT_PROTOTYPES = YES;
				CLANG_WARN_SUSPICIOUS_MOVE = YES;
				CLANG_WARN_UNGUARDED_AVAILABILITY = YES_AGGRESSIVE;
				CLANG_WARN_UNREACHABLE_CODE = YES;
				CLANG_WARN__DUPLICATE_METHOD_MATCH = YES;
				COPY_PHASE_STRIP = NO;
				DEBUG_INFORMATION_FORMAT = dwarf;
				ENABLE_STRICT_OBJC_MSGSEND = YES;
				ENABLE_TESTABILITY = YES;
				GCC_C_LANGUAGE_STANDARD = gnu11;
				GCC_DYNAMIC_NO_PIC = NO;
				GCC_NO_COMMON_BLOCKS = YES;
				GCC_OPTIMIZATION_LEVEL = 0;
				GCC_PREPROCESSOR_DEFINITIONS = (
					"DEBUG=1",
					"$(inherited)",
				);
				GCC_WARN_64_TO_32_BIT_CONVERSION = YES;
				GCC_WARN_ABOUT_RETURN_TYPE = YES_ERROR;
				GCC_WARN_UNDECLARED_SELECTOR = YES;
				GCC_WARN_UNINITIALIZED_AUTOS = YES_AGGRESSIVE;
				GCC_WARN_UNUSED_FUNCTION = YES;
				GCC_WARN_UNUSED_VARIABLE = YES;
				IPHONEOS_DEPLOYMENT_TARGET = 13.5;
				MTL_ENABLE_DEBUG_INFO = INCLUDE_SOURCE;
				MTL_FAST_MATH = YES;
				ONLY_ACTIVE_ARCH = YES;
				SDKROOT = iphoneos;
				SWIFT_ACTIVE_COMPILATION_CONDITIONS = DEBUG;
				SWIFT_OPTIMIZATION_LEVEL = "-Onone";
			};
			name = Debug;
		};
		E85819D4254EFA510016BF96 /* Release */ = {
			isa = XCBuildConfiguration;
			buildSettings = {
				ALWAYS_SEARCH_USER_PATHS = NO;
				CLANG_ANALYZER_NONNULL = YES;
				CLANG_ANALYZER_NUMBER_OBJECT_CONVERSION = YES_AGGRESSIVE;
				CLANG_CXX_LANGUAGE_STANDARD = "gnu++14";
				CLANG_CXX_LIBRARY = "libc++";
				CLANG_ENABLE_MODULES = YES;
				CLANG_ENABLE_OBJC_ARC = YES;
				CLANG_ENABLE_OBJC_WEAK = YES;
				CLANG_WARN_BLOCK_CAPTURE_AUTORELEASING = YES;
				CLANG_WARN_BOOL_CONVERSION = YES;
				CLANG_WARN_COMMA = YES;
				CLANG_WARN_CONSTANT_CONVERSION = YES;
				CLANG_WARN_DEPRECATED_OBJC_IMPLEMENTATIONS = YES;
				CLANG_WARN_DIRECT_OBJC_ISA_USAGE = YES_ERROR;
				CLANG_WARN_DOCUMENTATION_COMMENTS = YES;
				CLANG_WARN_EMPTY_BODY = YES;
				CLANG_WARN_ENUM_CONVERSION = YES;
				CLANG_WARN_INFINITE_RECURSION = YES;
				CLANG_WARN_INT_CONVERSION = YES;
				CLANG_WARN_NON_LITERAL_NULL_CONVERSION = YES;
				CLANG_WARN_OBJC_IMPLICIT_RETAIN_SELF = YES;
				CLANG_WARN_OBJC_LITERAL_CONVERSION = YES;
				CLANG_WARN_OBJC_ROOT_CLASS = YES_ERROR;
				CLANG_WARN_RANGE_LOOP_ANALYSIS = YES;
				CLANG_WARN_STRICT_PROTOTYPES = YES;
				CLANG_WARN_SUSPICIOUS_MOVE = YES;
				CLANG_WARN_UNGUARDED_AVAILABILITY = YES_AGGRESSIVE;
				CLANG_WARN_UNREACHABLE_CODE = YES;
				CLANG_WARN__DUPLICATE_METHOD_MATCH = YES;
				COPY_PHASE_STRIP = NO;
				DEBUG_INFORMATION_FORMAT = "dwarf-with-dsym";
				ENABLE_NS_ASSERTIONS = NO;
				ENABLE_STRICT_OBJC_MSGSEND = YES;
				GCC_C_LANGUAGE_STANDARD = gnu11;
				GCC_NO_COMMON_BLOCKS = YES;
				GCC_WARN_64_TO_32_BIT_CONVERSION = YES;
				GCC_WARN_ABOUT_RETURN_TYPE = YES_ERROR;
				GCC_WARN_UNDECLARED_SELECTOR = YES;
				GCC_WARN_UNINITIALIZED_AUTOS = YES_AGGRESSIVE;
				GCC_WARN_UNUSED_FUNCTION = YES;
				GCC_WARN_UNUSED_VARIABLE = YES;
				IPHONEOS_DEPLOYMENT_TARGET = 13.5;
				MTL_ENABLE_DEBUG_INFO = NO;
				MTL_FAST_MATH = YES;
				SDKROOT = iphoneos;
				SWIFT_COMPILATION_MODE = wholemodule;
				SWIFT_OPTIMIZATION_LEVEL = "-O";
				VALIDATE_PRODUCT = YES;
			};
			name = Release;
		};
		E85819D6254EFA510016BF96 /* Debug */ = {
			isa = XCBuildConfiguration;
			buildSettings = {
				ASSETCATALOG_COMPILER_APPICON_NAME = AppIcon;
				CODE_SIGN_STYLE = Automatic;
				INFOPLIST_FILE = "Scrolling inst/Info.plist";
				LD_RUNPATH_SEARCH_PATHS = (
					"$(inherited)",
					"@executable_path/Frameworks",
				);
				PRODUCT_BUNDLE_IDENTIFIER = "com.Scrolling-inst";
				PRODUCT_NAME = "$(TARGET_NAME)";
				SWIFT_VERSION = 5.0;
				TARGETED_DEVICE_FAMILY = "1,2";
			};
			name = Debug;
		};
		E85819D7254EFA510016BF96 /* Release */ = {
			isa = XCBuildConfiguration;
			buildSettings = {
				ASSETCATALOG_COMPILER_APPICON_NAME = AppIcon;
				CODE_SIGN_STYLE = Automatic;
				INFOPLIST_FILE = "Scrolling inst/Info.plist";
				LD_RUNPATH_SEARCH_PATHS = (
					"$(inherited)",
					"@executable_path/Frameworks",
				);
				PRODUCT_BUNDLE_IDENTIFIER = "com.Scrolling-inst";
				PRODUCT_NAME = "$(TARGET_NAME)";
				SWIFT_VERSION = 5.0;
				TARGETED_DEVICE_FAMILY = "1,2";
			};
			name = Release;
		};
/* End XCBuildConfiguration section */

/* Begin XCConfigurationList section */
		E85819BC254EFA500016BF96 /* Build configuration list for PBXProject "Scrolling inst" */ = {
			isa = XCConfigurationList;
			buildConfigurations = (
				E85819D3254EFA510016BF96 /* Debug */,
				E85819D4254EFA510016BF96 /* Release */,
			);
			defaultConfigurationIsVisible = 0;
			defaultConfigurationName = Release;
		};
		E85819D5254EFA510016BF96 /* Build configuration list for PBXNativeTarget "Scrolling inst" */ = {
			isa = XCConfigurationList;
			buildConfigurations = (
				E85819D6254EFA510016BF96 /* Debug */,
				E85819D7254EFA510016BF96 /* Release */,
			);
			defaultConfigurationIsVisible = 0;
			defaultConfigurationName = Release;
		};
/* End XCConfigurationList section */
	};
	rootObject = E85819B9254EFA500016BF96 /* Project object */;
}
