// !$*UTF8*$!
{
	archiveVersion = 1;
	classes = {
	};
	objectVersion = 50;
	objects = {

/* Begin PBXBuildFile section */
		EA4A3FDE254C776600C8F829 /* AppDelegate.swift in Sources */ = {isa = PBXBuildFile; fileRef = EA4A3FDD254C776600C8F829 /* AppDelegate.swift */; };
		EA4A3FE0254C776600C8F829 /* SceneDelegate.swift in Sources */ = {isa = PBXBuildFile; fileRef = EA4A3FDF254C776600C8F829 /* SceneDelegate.swift */; };
		EA4A3FE2254C776600C8F829 /* CollectionViewController.swift in Sources */ = {isa = PBXBuildFile; fileRef = EA4A3FE1254C776600C8F829 /* CollectionViewController.swift */; };
		EA4A3FE5254C776600C8F829 /* Main.storyboard in Resources */ = {isa = PBXBuildFile; fileRef = EA4A3FE3254C776600C8F829 /* Main.storyboard */; };
		EA4A3FE7254C776800C8F829 /* Assets.xcassets in Resources */ = {isa = PBXBuildFile; fileRef = EA4A3FE6254C776800C8F829 /* Assets.xcassets */; };
		EA4A3FEA254C776800C8F829 /* LaunchScreen.storyboard in Resources */ = {isa = PBXBuildFile; fileRef = EA4A3FE8254C776800C8F829 /* LaunchScreen.storyboard */; };
		EA4A3FF7254C912B00C8F829 /* ImageCustomCell.swift in Sources */ = {isa = PBXBuildFile; fileRef = EA4A3FF6254C912B00C8F829 /* ImageCustomCell.swift */; };
		EA4A3FFE254E9F3300C8F829 /* DetailViewController.swift in Sources */ = {isa = PBXBuildFile; fileRef = EA4A3FFD254E9F3200C8F829 /* DetailViewController.swift */; };
/* End PBXBuildFile section */

/* Begin PBXFileReference section */
		EA4A3FDA254C776600C8F829 /* Homework7.app */ = {isa = PBXFileReference; explicitFileType = wrapper.application; includeInIndex = 0; path = Homework7.app; sourceTree = BUILT_PRODUCTS_DIR; };
		EA4A3FDD254C776600C8F829 /* AppDelegate.swift */ = {isa = PBXFileReference; lastKnownFileType = sourcecode.swift; path = AppDelegate.swift; sourceTree = "<group>"; };
		EA4A3FDF254C776600C8F829 /* SceneDelegate.swift */ = {isa = PBXFileReference; lastKnownFileType = sourcecode.swift; path = SceneDelegate.swift; sourceTree = "<group>"; };
		EA4A3FE1254C776600C8F829 /* CollectionViewController.swift */ = {isa = PBXFileReference; lastKnownFileType = sourcecode.swift; path = CollectionViewController.swift; sourceTree = "<group>"; };
		EA4A3FE4254C776600C8F829 /* Base */ = {isa = PBXFileReference; lastKnownFileType = file.storyboard; name = Base; path = Base.lproj/Main.storyboard; sourceTree = "<group>"; };
		EA4A3FE6254C776800C8F829 /* Assets.xcassets */ = {isa = PBXFileReference; lastKnownFileType = folder.assetcatalog; path = Assets.xcassets; sourceTree = "<group>"; };
		EA4A3FE9254C776800C8F829 /* Base */ = {isa = PBXFileReference; lastKnownFileType = file.storyboard; name = Base; path = Base.lproj/LaunchScreen.storyboard; sourceTree = "<group>"; };
		EA4A3FEB254C776800C8F829 /* Info.plist */ = {isa = PBXFileReference; lastKnownFileType = text.plist.xml; path = Info.plist; sourceTree = "<group>"; };
		EA4A3FF6254C912B00C8F829 /* ImageCustomCell.swift */ = {isa = PBXFileReference; lastKnownFileType = sourcecode.swift; path = ImageCustomCell.swift; sourceTree = "<group>"; };
		EA4A3FFD254E9F3200C8F829 /* DetailViewController.swift */ = {isa = PBXFileReference; lastKnownFileType = sourcecode.swift; path = DetailViewController.swift; sourceTree = "<group>"; };
/* End PBXFileReference section */

/* Begin PBXFrameworksBuildPhase section */
		EA4A3FD7254C776600C8F829 /* Frameworks */ = {
			isa = PBXFrameworksBuildPhase;
			buildActionMask = 2147483647;
			files = (
			);
			runOnlyForDeploymentPostprocessing = 0;
		};
/* End PBXFrameworksBuildPhase section */

/* Begin PBXGroup section */
		EA4A3FD1254C776600C8F829 = {
			isa = PBXGroup;
			children = (
				EA4A3FDC254C776600C8F829 /* Homework7 */,
				EA4A3FDB254C776600C8F829 /* Products */,
			);
			sourceTree = "<group>";
		};
		EA4A3FDB254C776600C8F829 /* Products */ = {
			isa = PBXGroup;
			children = (
				EA4A3FDA254C776600C8F829 /* Homework7.app */,
			);
			name = Products;
			sourceTree = "<group>";
		};
		EA4A3FDC254C776600C8F829 /* Homework7 */ = {
			isa = PBXGroup;
			children = (
				EA4A3FDD254C776600C8F829 /* AppDelegate.swift */,
				EA4A3FDF254C776600C8F829 /* SceneDelegate.swift */,
				EA4A3FE3254C776600C8F829 /* Main.storyboard */,
				EA4A3FE1254C776600C8F829 /* CollectionViewController.swift */,
				EA4A3FFD254E9F3200C8F829 /* DetailViewController.swift */,
				EA4A3FF6254C912B00C8F829 /* ImageCustomCell.swift */,
				EA4A3FE6254C776800C8F829 /* Assets.xcassets */,
				EA4A3FE8254C776800C8F829 /* LaunchScreen.storyboard */,
				EA4A3FEB254C776800C8F829 /* Info.plist */,
			);
			path = Homework7;
			sourceTree = "<group>";
		};
/* End PBXGroup section */

/* Begin PBXNativeTarget section */
		EA4A3FD9254C776600C8F829 /* Homework7 */ = {
			isa = PBXNativeTarget;
			buildConfigurationList = EA4A3FEE254C776800C8F829 /* Build configuration list for PBXNativeTarget "Homework7" */;
			buildPhases = (
				EA4A3FD6254C776600C8F829 /* Sources */,
				EA4A3FD7254C776600C8F829 /* Frameworks */,
				EA4A3FD8254C776600C8F829 /* Resources */,
			);
			buildRules = (
			);
			dependencies = (
			);
			name = Homework7;
			productName = Homework7;
			productReference = EA4A3FDA254C776600C8F829 /* Homework7.app */;
			productType = "com.apple.product-type.application";
		};
/* End PBXNativeTarget section */

/* Begin PBXProject section */
		EA4A3FD2254C776600C8F829 /* Project object */ = {
			isa = PBXProject;
			attributes = {
				LastSwiftUpdateCheck = 1210;
				LastUpgradeCheck = 1210;
				TargetAttributes = {
					EA4A3FD9254C776600C8F829 = {
						CreatedOnToolsVersion = 12.1;
					};
				};
			};
			buildConfigurationList = EA4A3FD5254C776600C8F829 /* Build configuration list for PBXProject "Homework7" */;
			compatibilityVersion = "Xcode 9.3";
			developmentRegion = en;
			hasScannedForEncodings = 0;
			knownRegions = (
				en,
				Base,
			);
			mainGroup = EA4A3FD1254C776600C8F829;
			productRefGroup = EA4A3FDB254C776600C8F829 /* Products */;
			projectDirPath = "";
			projectRoot = "";
			targets = (
				EA4A3FD9254C776600C8F829 /* Homework7 */,
			);
		};
/* End PBXProject section */

/* Begin PBXResourcesBuildPhase section */
		EA4A3FD8254C776600C8F829 /* Resources */ = {
			isa = PBXResourcesBuildPhase;
			buildActionMask = 2147483647;
			files = (
				EA4A3FEA254C776800C8F829 /* LaunchScreen.storyboard in Resources */,
				EA4A3FE7254C776800C8F829 /* Assets.xcassets in Resources */,
				EA4A3FE5254C776600C8F829 /* Main.storyboard in Resources */,
			);
			runOnlyForDeploymentPostprocessing = 0;
		};
/* End PBXResourcesBuildPhase section */

/* Begin PBXSourcesBuildPhase section */
		EA4A3FD6254C776600C8F829 /* Sources */ = {
			isa = PBXSourcesBuildPhase;
			buildActionMask = 2147483647;
			files = (
				EA4A3FE2254C776600C8F829 /* CollectionViewController.swift in Sources */,
				EA4A3FDE254C776600C8F829 /* AppDelegate.swift in Sources */,
				EA4A3FFE254E9F3300C8F829 /* DetailViewController.swift in Sources */,
				EA4A3FF7254C912B00C8F829 /* ImageCustomCell.swift in Sources */,
				EA4A3FE0254C776600C8F829 /* SceneDelegate.swift in Sources */,
			);
			runOnlyForDeploymentPostprocessing = 0;
		};
/* End PBXSourcesBuildPhase section */

/* Begin PBXVariantGroup section */
		EA4A3FE3254C776600C8F829 /* Main.storyboard */ = {
			isa = PBXVariantGroup;
			children = (
				EA4A3FE4254C776600C8F829 /* Base */,
			);
			name = Main.storyboard;
			sourceTree = "<group>";
		};
		EA4A3FE8254C776800C8F829 /* LaunchScreen.storyboard */ = {
			isa = PBXVariantGroup;
			children = (
				EA4A3FE9254C776800C8F829 /* Base */,
			);
			name = LaunchScreen.storyboard;
			sourceTree = "<group>";
		};
/* End PBXVariantGroup section */

/* Begin XCBuildConfiguration section */
		EA4A3FEC254C776800C8F829 /* Debug */ = {
			isa = XCBuildConfiguration;
			buildSettings = {
				ALWAYS_SEARCH_USER_PATHS = NO;
				CLANG_ANALYZER_NONNULL = YES;
				CLANG_ANALYZER_NUMBER_OBJECT_CONVERSION = YES_AGGRESSIVE;
				CLANG_CXX_LANGUAGE_STANDARD = "gnu++14";
				CLANG_CXX_LIBRARY = "libc++";
				CLANG_ENABLE_MODULES = YES;
				CLANG_ENABLE_OBJC_ARC = YES;
				CLANG_ENABLE_OBJC_WEAK = YES;
				CLANG_WARN_BLOCK_CAPTURE_AUTORELEASING = YES;
				CLANG_WARN_BOOL_CONVERSION = YES;
				CLANG_WARN_COMMA = YES;
				CLANG_WARN_CONSTANT_CONVERSION = YES;
				CLANG_WARN_DEPRECATED_OBJC_IMPLEMENTATIONS = YES;
				CLANG_WARN_DIRECT_OBJC_ISA_USAGE = YES_ERROR;
				CLANG_WARN_DOCUMENTATION_COMMENTS = YES;
				CLANG_WARN_EMPTY_BODY = YES;
				CLANG_WARN_ENUM_CONVERSION = YES;
				CLANG_WARN_INFINITE_RECURSION = YES;
				CLANG_WARN_INT_CONVERSION = YES;
				CLANG_WARN_NON_LITERAL_NULL_CONVERSION = YES;
				CLANG_WARN_OBJC_IMPLICIT_RETAIN_SELF = YES;
				CLANG_WARN_OBJC_LITERAL_CONVERSION = YES;
				CLANG_WARN_OBJC_ROOT_CLASS = YES_ERROR;
				CLANG_WARN_QUOTED_INCLUDE_IN_FRAMEWORK_HEADER = YES;
				CLANG_WARN_RANGE_LOOP_ANALYSIS = YES;
				CLANG_WARN_STRICT_PROTOTYPES = YES;
				CLANG_WARN_SUSPICIOUS_MOVE = YES;
				CLANG_WARN_UNGUARDED_AVAILABILITY = YES_AGGRESSIVE;
				CLANG_WARN_UNREACHABLE_CODE = YES;
				CLANG_WARN__DUPLICATE_METHOD_MATCH = YES;
				COPY_PHASE_STRIP = NO;
				DEBUG_INFORMATION_FORMAT = dwarf;
				ENABLE_STRICT_OBJC_MSGSEND = YES;
				ENABLE_TESTABILITY = YES;
				GCC_C_LANGUAGE_STANDARD = gnu11;
				GCC_DYNAMIC_NO_PIC = NO;
				GCC_NO_COMMON_BLOCKS = YES;
				GCC_OPTIMIZATION_LEVEL = 0;
				GCC_PREPROCESSOR_DEFINITIONS = (
					"DEBUG=1",
					"$(inherited)",
				);
				GCC_WARN_64_TO_32_BIT_CONVERSION = YES;
				GCC_WARN_ABOUT_RETURN_TYPE = YES_ERROR;
				GCC_WARN_UNDECLARED_SELECTOR = YES;
				GCC_WARN_UNINITIALIZED_AUTOS = YES_AGGRESSIVE;
				GCC_WARN_UNUSED_FUNCTION = YES;
				GCC_WARN_UNUSED_VARIABLE = YES;
				IPHONEOS_DEPLOYMENT_TARGET = 14.1;
				MTL_ENABLE_DEBUG_INFO = INCLUDE_SOURCE;
				MTL_FAST_MATH = YES;
				ONLY_ACTIVE_ARCH = YES;
				SDKROOT = iphoneos;
				SWIFT_ACTIVE_COMPILATION_CONDITIONS = DEBUG;
				SWIFT_OPTIMIZATION_LEVEL = "-Onone";
			};
			name = Debug;
		};
		EA4A3FED254C776800C8F829 /* Release */ = {
			isa = XCBuildConfiguration;
			buildSettings = {
				ALWAYS_SEARCH_USER_PATHS = NO;
				CLANG_ANALYZER_NONNULL = YES;
				CLANG_ANALYZER_NUMBER_OBJECT_CONVERSION = YES_AGGRESSIVE;
				CLANG_CXX_LANGUAGE_STANDARD = "gnu++14";
				CLANG_CXX_LIBRARY = "libc++";
				CLANG_ENABLE_MODULES = YES;
				CLANG_ENABLE_OBJC_ARC = YES;
				CLANG_ENABLE_OBJC_WEAK = YES;
				CLANG_WARN_BLOCK_CAPTURE_AUTORELEASING = YES;
				CLANG_WARN_BOOL_CONVERSION = YES;
				CLANG_WARN_COMMA = YES;
				CLANG_WARN_CONSTANT_CONVERSION = YES;
				CLANG_WARN_DEPRECATED_OBJC_IMPLEMENTATIONS = YES;
				CLANG_WARN_DIRECT_OBJC_ISA_USAGE = YES_ERROR;
				CLANG_WARN_DOCUMENTATION_COMMENTS = YES;
				CLANG_WARN_EMPTY_BODY = YES;
				CLANG_WARN_ENUM_CONVERSION = YES;
				CLANG_WARN_INFINITE_RECURSION = YES;
				CLANG_WARN_INT_CONVERSION = YES;
				CLANG_WARN_NON_LITERAL_NULL_CONVERSION = YES;
				CLANG_WARN_OBJC_IMPLICIT_RETAIN_SELF = YES;
				CLANG_WARN_OBJC_LITERAL_CONVERSION = YES;
				CLANG_WARN_OBJC_ROOT_CLASS = YES_ERROR;
				CLANG_WARN_QUOTED_INCLUDE_IN_FRAMEWORK_HEADER = YES;
				CLANG_WARN_RANGE_LOOP_ANALYSIS = YES;
				CLANG_WARN_STRICT_PROTOTYPES = YES;
				CLANG_WARN_SUSPICIOUS_MOVE = YES;
				CLANG_WARN_UNGUARDED_AVAILABILITY = YES_AGGRESSIVE;
				CLANG_WARN_UNREACHABLE_CODE = YES;
				CLANG_WARN__DUPLICATE_METHOD_MATCH = YES;
				COPY_PHASE_STRIP = NO;
				DEBUG_INFORMATION_FORMAT = "dwarf-with-dsym";
				ENABLE_NS_ASSERTIONS = NO;
				ENABLE_STRICT_OBJC_MSGSEND = YES;
				GCC_C_LANGUAGE_STANDARD = gnu11;
				GCC_NO_COMMON_BLOCKS = YES;
				GCC_WARN_64_TO_32_BIT_CONVERSION = YES;
				GCC_WARN_ABOUT_RETURN_TYPE = YES_ERROR;
				GCC_WARN_UNDECLARED_SELECTOR = YES;
				GCC_WARN_UNINITIALIZED_AUTOS = YES_AGGRESSIVE;
				GCC_WARN_UNUSED_FUNCTION = YES;
				GCC_WARN_UNUSED_VARIABLE = YES;
				IPHONEOS_DEPLOYMENT_TARGET = 14.1;
				MTL_ENABLE_DEBUG_INFO = NO;
				MTL_FAST_MATH = YES;
				SDKROOT = iphoneos;
				SWIFT_COMPILATION_MODE = wholemodule;
				SWIFT_OPTIMIZATION_LEVEL = "-O";
				VALIDATE_PRODUCT = YES;
			};
			name = Release;
		};
		EA4A3FEF254C776800C8F829 /* Debug */ = {
			isa = XCBuildConfiguration;
			buildSettings = {
				ASSETCATALOG_COMPILER_APPICON_NAME = AppIcon;
				ASSETCATALOG_COMPILER_GLOBAL_ACCENT_COLOR_NAME = AccentColor;
				CODE_SIGN_IDENTITY = "Apple Development";
				CODE_SIGN_STYLE = Automatic;
				DEVELOPMENT_TEAM = 49MNJ5XZZJ;
				INFOPLIST_FILE = Homework7/Info.plist;
				LD_RUNPATH_SEARCH_PATHS = (
					"$(inherited)",
					"@executable_path/Frameworks",
				);
				PRODUCT_BUNDLE_IDENTIFIER = "com.Oleg-Romanov";
				PRODUCT_NAME = "$(TARGET_NAME)";
				PROVISIONING_PROFILE_SPECIFIER = "";
				SWIFT_VERSION = 5.0;
				TARGETED_DEVICE_FAMILY = 1;
			};
			name = Debug;
		};
		EA4A3FF0254C776800C8F829 /* Release */ = {
			isa = XCBuildConfiguration;
			buildSettings = {
				ASSETCATALOG_COMPILER_APPICON_NAME = AppIcon;
				ASSETCATALOG_COMPILER_GLOBAL_ACCENT_COLOR_NAME = AccentColor;
				CODE_SIGN_IDENTITY = "Apple Development";
				CODE_SIGN_STYLE = Automatic;
				DEVELOPMENT_TEAM = 49MNJ5XZZJ;
				INFOPLIST_FILE = Homework7/Info.plist;
				LD_RUNPATH_SEARCH_PATHS = (
					"$(inherited)",
					"@executable_path/Frameworks",
				);
				PRODUCT_BUNDLE_IDENTIFIER = "com.Oleg-Romanov";
				PRODUCT_NAME = "$(TARGET_NAME)";
				PROVISIONING_PROFILE_SPECIFIER = "";
				SWIFT_VERSION = 5.0;
				TARGETED_DEVICE_FAMILY = 1;
			};
			name = Release;
		};
/* End XCBuildConfiguration section */

/* Begin XCConfigurationList section */
		EA4A3FD5254C776600C8F829 /* Build configuration list for PBXProject "Homework7" */ = {
			isa = XCConfigurationList;
			buildConfigurations = (
				EA4A3FEC254C776800C8F829 /* Debug */,
				EA4A3FED254C776800C8F829 /* Release */,
			);
			defaultConfigurationIsVisible = 0;
			defaultConfigurationName = Release;
		};
		EA4A3FEE254C776800C8F829 /* Build configuration list for PBXNativeTarget "Homework7" */ = {
			isa = XCConfigurationList;
			buildConfigurations = (
				EA4A3FEF254C776800C8F829 /* Debug */,
				EA4A3FF0254C776800C8F829 /* Release */,
			);
			defaultConfigurationIsVisible = 0;
			defaultConfigurationName = Release;
		};
/* End XCConfigurationList section */
	};
	rootObject = EA4A3FD2254C776600C8F829 /* Project object */;
}
